{
  "name": "react-native-css-gradient",
  "version": "0.3.1",
  "lockfileVersion": 1,
  "requires": true,
  "dependencies": {
    "fast-memoize": {
      "version": "2.5.1",
      "resolved": "https://registry.npmjs.org/fast-memoize/-/fast-memoize-2.5.1.tgz",
      "integrity": "sha512-xdmw296PCL01tMOXx9mdJSmWY29jQgxyuZdq0rEHMu+Tpe1eOEtCycoG6chzlcrWsNgpZP7oL8RiQr7+G6Bl6g=="
    },
    "gradient-parser": {
      "version": "0.1.5",
      "resolved": "https://registry.npmjs.org/gradient-parser/-/gradient-parser-0.1.5.tgz",
      "integrity": "sha1-DH4heVWeXOfY1x9EI6+TcQCyJIw="
    }
  }
}
